
Microsoft Visual Studio Solution File, Format Version 12.00
# Visual Studio 2013
VisualStudioVersion = 12.0.30723.0
MinimumVisualStudioVersion = 10.0.40219.1
Project("{FAE04EC0-301F-11D3-BF4B-00C04F79EFBC}") = "EarthquakeProbability", "EarthquakeProbability\EarthquakeProbability.csproj", "{60249C74-9B19-4613-8470-D2F4CD6AD4C3}"
EndProject
Project("{FAE04EC0-301F-11D3-BF4B-00C04F79EFBC}") = "EarthquakeProbabilityTryIt", "EarthquakeProbabilityTryIt\EarthquakeProbabilityTryIt.csproj", "{F51620E5-1841-416B-990B-131E565431D3}"
	ProjectSection(ProjectDependencies) = postProject
		{60249C74-9B19-4613-8470-D2F4CD6AD4C3} = {60249C74-9B19-4613-8470-D2F4CD6AD4C3}
	EndProjectSection
EndProject
Global
	GlobalSection(SolutionConfigurationPlatforms) = preSolution
		Debug|Any CPU = Debug|Any CPU
		Release|Any CPU = Release|Any CPU
	EndGlobalSection
	GlobalSection(ProjectConfigurationPlatforms) = postSolution
		{60249C74-9B19-4613-8470-D2F4CD6AD4C3}.Debug|Any CPU.ActiveCfg = Debug|Any CPU
		{60249C74-9B19-4613-8470-D2F4CD6AD4C3}.Debug|Any CPU.Build.0 = Debug|Any CPU
		{60249C74-9B19-4613-8470-D2F4CD6AD4C3}.Release|Any CPU.ActiveCfg = Release|Any CPU
		{60249C74-9B19-4613-8470-D2F4CD6AD4C3}.Release|Any CPU.Build.0 = Release|Any CPU
		{F51620E5-1841-416B-990B-131E565431D3}.Debug|Any CPU.ActiveCfg = Debug|Any CPU
		{F51620E5-1841-416B-990B-131E565431D3}.Debug|Any CPU.Build.0 = Debug|Any CPU
		{F51620E5-1841-416B-990B-131E565431D3}.Release|Any CPU.ActiveCfg = Release|Any CPU
		{F51620E5-1841-416B-990B-131E565431D3}.Release|Any CPU.Build.0 = Release|Any CPU
	EndGlobalSection
	GlobalSection(SolutionProperties) = preSolution
		HideSolutionNode = FALSE
	EndGlobalSection
EndGlobal
